
Microsoft Visual Studio Solution File, Format Version 12.00
# Visual Studio Version 17
VisualStudioVersion = 17.3.32929.385
MinimumVisualStudioVersion = 10.0.40219.1
Project("{8BC9CEB8-8B4A-11D0-8D11-00A0C91BC942}") = "Problem1", "Problem1\Problem1.vcxproj", "{303637DD-C702-4612-9F85-5A7D2507AB88}"
EndProject
Project("{8BC9CEB8-8B4A-11D0-8D11-00A0C91BC942}") = "Problem5", "Problem5\Problem5.vcxproj", "{36DA1B51-C6CC-4DEF-B91A-A698A814F3AA}"
EndProject
Project("{8BC9CEB8-8B4A-11D0-8D11-00A0C91BC942}") = "Problem6", "Problem6\Problem6.vcxproj", "{B31C9305-9E4B-4EF6-9C8F-3FF7A3C4B29E}"
EndProject
Project("{8BC9CEB8-8B4A-11D0-8D11-00A0C91BC942}") = "Util", "Util\Util.vcxproj", "{62554F43-81FC-4B74-836B-D442AF9D1AD4}"
EndProject
Project("{8BC9CEB8-8B4A-11D0-8D11-00A0C91BC942}") = "Problem7", "Problem7\Problem7.vcxproj", "{C513F5B0-453F-410B-8006-C320F26DB8A7}"
EndProject
Global
	GlobalSection(SolutionConfigurationPlatforms) = preSolution
		Debug|x64 = Debug|x64
		Debug|x86 = Debug|x86
		Release|x64 = Release|x64
		Release|x86 = Release|x86
	EndGlobalSection
	GlobalSection(ProjectConfigurationPlatforms) = postSolution
		{303637DD-C702-4612-9F85-5A7D2507AB88}.Debug|x64.ActiveCfg = Debug|x64
		{303637DD-C702-4612-9F85-5A7D2507AB88}.Debug|x64.Build.0 = Debug|x64
		{303637DD-C702-4612-9F85-5A7D2507AB88}.Debug|x86.ActiveCfg = Debug|Win32
		{303637DD-C702-4612-9F85-5A7D2507AB88}.Debug|x86.Build.0 = Debug|Win32
		{303637DD-C702-4612-9F85-5A7D2507AB88}.Release|x64.ActiveCfg = Release|x64
		{303637DD-C702-4612-9F85-5A7D2507AB88}.Release|x64.Build.0 = Release|x64
		{303637DD-C702-4612-9F85-5A7D2507AB88}.Release|x86.ActiveCfg = Release|Win32
		{303637DD-C702-4612-9F85-5A7D2507AB88}.Release|x86.Build.0 = Release|Win32
		{36DA1B51-C6CC-4DEF-B91A-A698A814F3AA}.Debug|x64.ActiveCfg = Debug|x64
		{36DA1B51-C6CC-4DEF-B91A-A698A814F3AA}.Debug|x64.Build.0 = Debug|x64
		{36DA1B51-C6CC-4DEF-B91A-A698A814F3AA}.Debug|x86.ActiveCfg = Debug|Win32
		{36DA1B51-C6CC-4DEF-B91A-A698A814F3AA}.Debug|x86.Build.0 = Debug|Win32
		{36DA1B51-C6CC-4DEF-B91A-A698A814F3AA}.Release|x64.ActiveCfg = Release|x64
		{36DA1B51-C6CC-4DEF-B91A-A698A814F3AA}.Release|x64.Build.0 = Release|x64
		{36DA1B51-C6CC-4DEF-B91A-A698A814F3AA}.Release|x86.ActiveCfg = Release|Win32
		{36DA1B51-C6CC-4DEF-B91A-A698A814F3AA}.Release|x86.Build.0 = Release|Win32
		{B31C9305-9E4B-4EF6-9C8F-3FF7A3C4B29E}.Debug|x64.ActiveCfg = Debug|x64
		{B31C9305-9E4B-4EF6-9C8F-3FF7A3C4B29E}.Debug|x64.Build.0 = Debug|x64
		{B31C9305-9E4B-4EF6-9C8F-3FF7A3C4B29E}.Debug|x86.ActiveCfg = Debug|Win32
		{B31C9305-9E4B-4EF6-9C8F-3FF7A3C4B29E}.Debug|x86.Build.0 = Debug|Win32
		{B31C9305-9E4B-4EF6-9C8F-3FF7A3C4B29E}.Release|x64.ActiveCfg = Release|x64
		{B31C9305-9E4B-4EF6-9C8F-3FF7A3C4B29E}.Release|x64.Build.0 = Release|x64
		{B31C9305-9E4B-4EF6-9C8F-3FF7A3C4B29E}.Release|x86.ActiveCfg = Release|Win32
		{B31C9305-9E4B-4EF6-9C8F-3FF7A3C4B29E}.Release|x86.Build.0 = Release|Win32
		{62554F43-81FC-4B74-836B-D442AF9D1AD4}.Debug|x64.ActiveCfg = Debug|x64
		{62554F43-81FC-4B74-836B-D442AF9D1AD4}.Debug|x64.Build.0 = Debug|x64
		{62554F43-81FC-4B74-836B-D442AF9D1AD4}.Debug|x86.ActiveCfg = Debug|Win32
		{62554F43-81FC-4B74-836B-D442AF9D1AD4}.Debug|x86.Build.0 = Debug|Win32
		{62554F43-81FC-4B74-836B-D442AF9D1AD4}.Release|x64.ActiveCfg = Release|x64
		{62554F43-81FC-4B74-836B-D442AF9D1AD4}.Release|x64.Build.0 = Release|x64
		{62554F43-81FC-4B74-836B-D442AF9D1AD4}.Release|x86.ActiveCfg = Release|Win32
		{62554F43-81FC-4B74-836B-D442AF9D1AD4}.Release|x86.Build.0 = Release|Win32
		{C513F5B0-453F-410B-8006-C320F26DB8A7}.Debug|x64.ActiveCfg = Debug|x64
		{C513F5B0-453F-410B-8006-C320F26DB8A7}.Debug|x64.Build.0 = Debug|x64
		{C513F5B0-453F-410B-8006-C320F26DB8A7}.Debug|x86.ActiveCfg = Debug|Win32
		{C513F5B0-453F-410B-8006-C320F26DB8A7}.Debug|x86.Build.0 = Debug|Win32
		{C513F5B0-453F-410B-8006-C320F26DB8A7}.Release|x64.ActiveCfg = Release|x64
		{C513F5B0-453F-410B-8006-C320F26DB8A7}.Release|x64.Build.0 = Release|x64
		{C513F5B0-453F-410B-8006-C320F26DB8A7}.Release|x86.ActiveCfg = Release|Win32
		{C513F5B0-453F-410B-8006-C320F26DB8A7}.Release|x86.Build.0 = Release|Win32
	EndGlobalSection
	GlobalSection(SolutionProperties) = preSolution
		HideSolutionNode = FALSE
	EndGlobalSection
	GlobalSection(ExtensibilityGlobals) = postSolution
		SolutionGuid = {19F7ABFD-BA45-43A8-8B54-0771608E3C2B}
	EndGlobalSection
EndGlobal
